// !$*UTF8*$!
{
	archiveVersion = 1;
	classes = {
	};
	objectVersion = 46;
	objects = {

/* Begin PBXBuildFile section */
		D0793CB521041871002555F0 /* SWComboxSelectionCell.swift in Sources */ = {isa = PBXBuildFile; fileRef = D0793CB421041871002555F0 /* SWComboxSelectionCell.swift */; };
		D0793CB721041AA0002555F0 /* SWComboxSelectionView.swift in Sources */ = {isa = PBXBuildFile; fileRef = D0793CB621041AA0002555F0 /* SWComboxSelectionView.swift */; };
		D0CBF4CE1B789D44005E98CA /* AppDelegate.swift in Sources */ = {isa = PBXBuildFile; fileRef = D0CBF4CD1B789D44005E98CA /* AppDelegate.swift */; };
		D0CBF4D31B789D44005E98CA /* ViewController.swift in Sources */ = {isa = PBXBuildFile; fileRef = D0CBF4D21B789D44005E98CA /* ViewController.swift */; };
		D0CBF4D61B789D44005E98CA /* Main.storyboard in Resources */ = {isa = PBXBuildFile; fileRef = D0CBF4D41B789D44005E98CA /* Main.storyboard */; };
		D0CBF4D81B789D44005E98CA /* Images.xcassets in Resources */ = {isa = PBXBuildFile; fileRef = D0CBF4D71B789D44005E98CA /* Images.xcassets */; };
		D0CBF4DB1B789D44005E98CA /* LaunchScreen.xib in Resources */ = {isa = PBXBuildFile; fileRef = D0CBF4D91B789D44005E98CA /* LaunchScreen.xib */; };
		D0CBF5051B78AB84005E98CA /* square-CN.png in Resources */ = {isa = PBXBuildFile; fileRef = D0CBF5021B78AB84005E98CA /* square-CN.png */; };
		D0CBF5061B78AB84005E98CA /* square-JP.png in Resources */ = {isa = PBXBuildFile; fileRef = D0CBF5031B78AB84005E98CA /* square-JP.png */; };
		D0CBF5071B78AB84005E98CA /* square-US.png in Resources */ = {isa = PBXBuildFile; fileRef = D0CBF5041B78AB84005E98CA /* square-US.png */; };
		D0FD49CD21032EAF00277591 /* SWComboxView.swift in Sources */ = {isa = PBXBuildFile; fileRef = D0FD49C321032EAF00277591 /* SWComboxView.swift */; };
		D0FD49CE21032EAF00277591 /* SWComboxView.xib in Resources */ = {isa = PBXBuildFile; fileRef = D0FD49C421032EAF00277591 /* SWComboxView.xib */; };
		D0FD49CF21032EAF00277591 /* SWComboxTextSelection.xib in Resources */ = {isa = PBXBuildFile; fileRef = D0FD49C621032EAF00277591 /* SWComboxTextSelection.xib */; };
		D0FD49D021032EAF00277591 /* UIViewEx.swift in Sources */ = {isa = PBXBuildFile; fileRef = D0FD49C721032EAF00277591 /* UIViewEx.swift */; };
		D0FD49D121032EAF00277591 /* SWComboxTextSelection.swift in Sources */ = {isa = PBXBuildFile; fileRef = D0FD49C821032EAF00277591 /* SWComboxTextSelection.swift */; };
		D0FD49D221032EAF00277591 /* NibView.swift in Sources */ = {isa = PBXBuildFile; fileRef = D0FD49C921032EAF00277591 /* NibView.swift */; };
		D0FD49D321032EAF00277591 /* icn-dropdown.pdf in Resources */ = {isa = PBXBuildFile; fileRef = D0FD49CA21032EAF00277591 /* icn-dropdown.pdf */; };
		D0FD49D421032EAF00277591 /* SWComboxImageSelection.swift in Sources */ = {isa = PBXBuildFile; fileRef = D0FD49CB21032EAF00277591 /* SWComboxImageSelection.swift */; };
		D0FD49D521032EAF00277591 /* SWComboxImageSelection.xib in Resources */ = {isa = PBXBuildFile; fileRef = D0FD49CC21032EAF00277591 /* SWComboxImageSelection.xib */; };
/* End PBXBuildFile section */

/* Begin PBXFileReference section */
		D0793CB421041871002555F0 /* SWComboxSelectionCell.swift */ = {isa = PBXFileReference; lastKnownFileType = sourcecode.swift; path = SWComboxSelectionCell.swift; sourceTree = "<group>"; };
		D0793CB621041AA0002555F0 /* SWComboxSelectionView.swift */ = {isa = PBXFileReference; lastKnownFileType = sourcecode.swift; path = SWComboxSelectionView.swift; sourceTree = "<group>"; };
		D0CBF4C81B789D44005E98CA /* SWCombox.app */ = {isa = PBXFileReference; explicitFileType = wrapper.application; includeInIndex = 0; path = SWCombox.app; sourceTree = BUILT_PRODUCTS_DIR; };
		D0CBF4CC1B789D44005E98CA /* Info.plist */ = {isa = PBXFileReference; lastKnownFileType = text.plist.xml; path = Info.plist; sourceTree = "<group>"; };
		D0CBF4CD1B789D44005E98CA /* AppDelegate.swift */ = {isa = PBXFileReference; lastKnownFileType = sourcecode.swift; path = AppDelegate.swift; sourceTree = "<group>"; };
		D0CBF4D21B789D44005E98CA /* ViewController.swift */ = {isa = PBXFileReference; lastKnownFileType = sourcecode.swift; path = ViewController.swift; sourceTree = "<group>"; };
		D0CBF4D51B789D44005E98CA /* Base */ = {isa = PBXFileReference; lastKnownFileType = file.storyboard; name = Base; path = Base.lproj/Main.storyboard; sourceTree = "<group>"; };
		D0CBF4D71B789D44005E98CA /* Images.xcassets */ = {isa = PBXFileReference; lastKnownFileType = folder.assetcatalog; path = Images.xcassets; sourceTree = "<group>"; };
		D0CBF4DA1B789D44005E98CA /* Base */ = {isa = PBXFileReference; lastKnownFileType = file.xib; name = Base; path = Base.lproj/LaunchScreen.xib; sourceTree = "<group>"; };
		D0CBF5021B78AB84005E98CA /* square-CN.png */ = {isa = PBXFileReference; lastKnownFileType = image.png; path = "square-CN.png"; sourceTree = "<group>"; };
		D0CBF5031B78AB84005E98CA /* square-JP.png */ = {isa = PBXFileReference; lastKnownFileType = image.png; path = "square-JP.png"; sourceTree = "<group>"; };
		D0CBF5041B78AB84005E98CA /* square-US.png */ = {isa = PBXFileReference; lastKnownFileType = image.png; path = "square-US.png"; sourceTree = "<group>"; };
		D0FD49C321032EAF00277591 /* SWComboxView.swift */ = {isa = PBXFileReference; fileEncoding = 4; lastKnownFileType = sourcecode.swift; path = SWComboxView.swift; sourceTree = "<group>"; };
		D0FD49C421032EAF00277591 /* SWComboxView.xib */ = {isa = PBXFileReference; fileEncoding = 4; lastKnownFileType = file.xib; path = SWComboxView.xib; sourceTree = "<group>"; };
		D0FD49C621032EAF00277591 /* SWComboxTextSelection.xib */ = {isa = PBXFileReference; fileEncoding = 4; lastKnownFileType = file.xib; path = SWComboxTextSelection.xib; sourceTree = "<group>"; };
		D0FD49C721032EAF00277591 /* UIViewEx.swift */ = {isa = PBXFileReference; fileEncoding = 4; lastKnownFileType = sourcecode.swift; path = UIViewEx.swift; sourceTree = "<group>"; };
		D0FD49C821032EAF00277591 /* SWComboxTextSelection.swift */ = {isa = PBXFileReference; fileEncoding = 4; lastKnownFileType = sourcecode.swift; path = SWComboxTextSelection.swift; sourceTree = "<group>"; };
		D0FD49C921032EAF00277591 /* NibView.swift */ = {isa = PBXFileReference; fileEncoding = 4; lastKnownFileType = sourcecode.swift; path = NibView.swift; sourceTree = "<group>"; };
		D0FD49CA21032EAF00277591 /* icn-dropdown.pdf */ = {isa = PBXFileReference; lastKnownFileType = image.pdf; path = "icn-dropdown.pdf"; sourceTree = "<group>"; };
		D0FD49CB21032EAF00277591 /* SWComboxImageSelection.swift */ = {isa = PBXFileReference; fileEncoding = 4; lastKnownFileType = sourcecode.swift; path = SWComboxImageSelection.swift; sourceTree = "<group>"; };
		D0FD49CC21032EAF00277591 /* SWComboxImageSelection.xib */ = {isa = PBXFileReference; fileEncoding = 4; lastKnownFileType = file.xib; path = SWComboxImageSelection.xib; sourceTree = "<group>"; };
/* End PBXFileReference section */

/* Begin PBXFrameworksBuildPhase section */
		D0CBF4C51B789D44005E98CA /* Frameworks */ = {
			isa = PBXFrameworksBuildPhase;
			buildActionMask = 2147483647;
			files = (
			);
			runOnlyForDeploymentPostprocessing = 0;
		};
/* End PBXFrameworksBuildPhase section */

/* Begin PBXGroup section */
		D0CBF4BF1B789D44005E98CA = {
			isa = PBXGroup;
			children = (
				D0CBF4CA1B789D44005E98CA /* SWCombox */,
				D0FD49C221032EAF00277591 /* SWComboxLib */,
				D0CBF4C91B789D44005E98CA /* Products */,
			);
			sourceTree = "<group>";
		};
		D0CBF4C91B789D44005E98CA /* Products */ = {
			isa = PBXGroup;
			children = (
				D0CBF4C81B789D44005E98CA /* SWCombox.app */,
			);
			name = Products;
			sourceTree = "<group>";
		};
		D0CBF4CA1B789D44005E98CA /* SWCombox */ = {
			isa = PBXGroup;
			children = (
				D0CBF4CD1B789D44005E98CA /* AppDelegate.swift */,
				D0CBF4D21B789D44005E98CA /* ViewController.swift */,
				D0CBF4D41B789D44005E98CA /* Main.storyboard */,
				D0CBF4D71B789D44005E98CA /* Images.xcassets */,
				D0CBF4D91B789D44005E98CA /* LaunchScreen.xib */,
				D0CBF5021B78AB84005E98CA /* square-CN.png */,
				D0CBF5031B78AB84005E98CA /* square-JP.png */,
				D0CBF5041B78AB84005E98CA /* square-US.png */,
				D0CBF4CB1B789D44005E98CA /* Supporting Files */,
			);
			path = SWCombox;
			sourceTree = "<group>";
		};
		D0CBF4CB1B789D44005E98CA /* Supporting Files */ = {
			isa = PBXGroup;
			children = (
				D0CBF4CC1B789D44005E98CA /* Info.plist */,
			);
			name = "Supporting Files";
			sourceTree = "<group>";
		};
		D0FD49C221032EAF00277591 /* SWComboxLib */ = {
			isa = PBXGroup;
			children = (
				D0FD49C321032EAF00277591 /* SWComboxView.swift */,
				D0FD49C421032EAF00277591 /* SWComboxView.xib */,
				D0793CB421041871002555F0 /* SWComboxSelectionCell.swift */,
				D0793CB621041AA0002555F0 /* SWComboxSelectionView.swift */,
				D0FD49CB21032EAF00277591 /* SWComboxImageSelection.swift */,
				D0FD49CC21032EAF00277591 /* SWComboxImageSelection.xib */,
				D0FD49C621032EAF00277591 /* SWComboxTextSelection.xib */,
				D0FD49C821032EAF00277591 /* SWComboxTextSelection.swift */,
				D0FD49C721032EAF00277591 /* UIViewEx.swift */,
				D0FD49C921032EAF00277591 /* NibView.swift */,
				D0FD49CA21032EAF00277591 /* icn-dropdown.pdf */,
			);
			path = SWComboxLib;
			sourceTree = "<group>";
		};
/* End PBXGroup section */

/* Begin PBXNativeTarget section */
		D0CBF4C71B789D44005E98CA /* SWCombox */ = {
			isa = PBXNativeTarget;
			buildConfigurationList = D0CBF4EA1B789D45005E98CA /* Build configuration list for PBXNativeTarget "SWCombox" */;
			buildPhases = (
				D0CBF4C41B789D44005E98CA /* Sources */,
				D0CBF4C51B789D44005E98CA /* Frameworks */,
				D0CBF4C61B789D44005E98CA /* Resources */,
			);
			buildRules = (
			);
			dependencies = (
			);
			name = SWCombox;
			productName = SWCombox;
			productReference = D0CBF4C81B789D44005E98CA /* SWCombox.app */;
			productType = "com.apple.product-type.application";
		};
/* End PBXNativeTarget section */

/* Begin PBXProject section */
		D0CBF4C01B789D44005E98CA /* Project object */ = {
			isa = PBXProject;
			attributes = {
				LastUpgradeCheck = 0940;
				ORGANIZATIONNAME = "shou wei";
				TargetAttributes = {
					D0CBF4C71B789D44005E98CA = {
						CreatedOnToolsVersion = 6.4;
					};
				};
			};
			buildConfigurationList = D0CBF4C31B789D44005E98CA /* Build configuration list for PBXProject "SWCombox" */;
			compatibilityVersion = "Xcode 3.2";
			developmentRegion = English;
			hasScannedForEncodings = 0;
			knownRegions = (
				en,
				Base,
			);
			mainGroup = D0CBF4BF1B789D44005E98CA;
			productRefGroup = D0CBF4C91B789D44005E98CA /* Products */;
			projectDirPath = "";
			projectRoot = "";
			targets = (
				D0CBF4C71B789D44005E98CA /* SWCombox */,
			);
		};
/* End PBXProject section */

/* Begin PBXResourcesBuildPhase section */
		D0CBF4C61B789D44005E98CA /* Resources */ = {
			isa = PBXResourcesBuildPhase;
			buildActionMask = 2147483647;
			files = (
				D0CBF5061B78AB84005E98CA /* square-JP.png in Resources */,
				D0CBF4D61B789D44005E98CA /* Main.storyboard in Resources */,
				D0CBF4DB1B789D44005E98CA /* LaunchScreen.xib in Resources */,
				D0FD49CE21032EAF00277591 /* SWComboxView.xib in Resources */,
				D0FD49D521032EAF00277591 /* SWComboxImageSelection.xib in Resources */,
				D0FD49D321032EAF00277591 /* icn-dropdown.pdf in Resources */,
				D0CBF5071B78AB84005E98CA /* square-US.png in Resources */,
				D0CBF4D81B789D44005E98CA /* Images.xcassets in Resources */,
				D0CBF5051B78AB84005E98CA /* square-CN.png in Resources */,
				D0FD49CF21032EAF00277591 /* SWComboxTextSelection.xib in Resources */,
			);
			runOnlyForDeploymentPostprocessing = 0;
		};
/* End PBXResourcesBuildPhase section */

/* Begin PBXSourcesBuildPhase section */
		D0CBF4C41B789D44005E98CA /* Sources */ = {
			isa = PBXSourcesBuildPhase;
			buildActionMask = 2147483647;
			files = (
				D0CBF4D31B789D44005E98CA /* ViewController.swift in Sources */,
				D0FD49D021032EAF00277591 /* UIViewEx.swift in Sources */,
				D0FD49D421032EAF00277591 /* SWComboxImageSelection.swift in Sources */,
				D0CBF4CE1B789D44005E98CA /* AppDelegate.swift in Sources */,
				D0793CB721041AA0002555F0 /* SWComboxSelectionView.swift in Sources */,
				D0FD49CD21032EAF00277591 /* SWComboxView.swift in Sources */,
				D0FD49D121032EAF00277591 /* SWComboxTextSelection.swift in Sources */,
				D0793CB521041871002555F0 /* SWComboxSelectionCell.swift in Sources */,
				D0FD49D221032EAF00277591 /* NibView.swift in Sources */,
			);
			runOnlyForDeploymentPostprocessing = 0;
		};
/* End PBXSourcesBuildPhase section */

/* Begin PBXVariantGroup section */
		D0CBF4D41B789D44005E98CA /* Main.storyboard */ = {
			isa = PBXVariantGroup;
			children = (
				D0CBF4D51B789D44005E98CA /* Base */,
			);
			name = Main.storyboard;
			sourceTree = "<group>";
		};
		D0CBF4D91B789D44005E98CA /* LaunchScreen.xib */ = {
			isa = PBXVariantGroup;
			children = (
				D0CBF4DA1B789D44005E98CA /* Base */,
			);
			name = LaunchScreen.xib;
			sourceTree = "<group>";
		};
/* End PBXVariantGroup section */

/* Begin XCBuildConfiguration section */
		D0CBF4E81B789D45005E98CA /* Debug */ = {
			isa = XCBuildConfiguration;
			buildSettings = {
				ALWAYS_SEARCH_USER_PATHS = NO;
				CLANG_CXX_LANGUAGE_STANDARD = "gnu++0x";
				CLANG_CXX_LIBRARY = "libc++";
				CLANG_ENABLE_MODULES = YES;
				CLANG_ENABLE_OBJC_ARC = YES;
				CLANG_WARN_BLOCK_CAPTURE_AUTORELEASING = YES;
				CLANG_WARN_BOOL_CONVERSION = YES;
				CLANG_WARN_COMMA = YES;
				CLANG_WARN_CONSTANT_CONVERSION = YES;
				CLANG_WARN_DEPRECATED_OBJC_IMPLEMENTATIONS = YES;
				CLANG_WARN_DIRECT_OBJC_ISA_USAGE = YES_ERROR;
				CLANG_WARN_EMPTY_BODY = YES;
				CLANG_WARN_ENUM_CONVERSION = YES;
				CLANG_WARN_INFINITE_RECURSION = YES;
				CLANG_WARN_INT_CONVERSION = YES;
				CLANG_WARN_NON_LITERAL_NULL_CONVERSION = YES;
				CLANG_WARN_OBJC_IMPLICIT_RETAIN_SELF = YES;
				CLANG_WARN_OBJC_LITERAL_CONVERSION = YES;
				CLANG_WARN_OBJC_ROOT_CLASS = YES_ERROR;
				CLANG_WARN_RANGE_LOOP_ANALYSIS = YES;
				CLANG_WARN_STRICT_PROTOTYPES = YES;
				CLANG_WARN_SUSPICIOUS_MOVE = YES;
				CLANG_WARN_UNREACHABLE_CODE = YES;
				CLANG_WARN__DUPLICATE_METHOD_MATCH = YES;
				"CODE_SIGN_IDENTITY[sdk=iphoneos*]" = "iPhone Developer";
				COPY_PHASE_STRIP = NO;
				DEBUG_INFORMATION_FORMAT = "dwarf-with-dsym";
				ENABLE_STRICT_OBJC_MSGSEND = YES;
				ENABLE_TESTABILITY = YES;
				GCC_C_LANGUAGE_STANDARD = gnu99;
				GCC_DYNAMIC_NO_PIC = NO;
				GCC_NO_COMMON_BLOCKS = YES;
				GCC_OPTIMIZATION_LEVEL = 0;
				GCC_PREPROCESSOR_DEFINITIONS = (
					"DEBUG=1",
					"$(inherited)",
				);
				GCC_SYMBOLS_PRIVATE_EXTERN = NO;
				GCC_WARN_64_TO_32_BIT_CONVERSION = YES;
				GCC_WARN_ABOUT_RETURN_TYPE = YES_ERROR;
				GCC_WARN_UNDECLARED_SELECTOR = YES;
				GCC_WARN_UNINITIALIZED_AUTOS = YES_AGGRESSIVE;
				GCC_WARN_UNUSED_FUNCTION = YES;
				GCC_WARN_UNUSED_VARIABLE = YES;
				IPHONEOS_DEPLOYMENT_TARGET = 9.0;
				MTL_ENABLE_DEBUG_INFO = YES;
				ONLY_ACTIVE_ARCH = YES;
				SDKROOT = iphoneos;
				SWIFT_OPTIMIZATION_LEVEL = "-Onone";
				SWIFT_VERSION = 3.0;
				TARGETED_DEVICE_FAMILY = "1,2";
			};
			name = Debug;
		};
		D0CBF4E91B789D45005E98CA /* Release */ = {
			isa = XCBuildConfiguration;
			buildSettings = {
				ALWAYS_SEARCH_USER_PATHS = NO;
				CLANG_CXX_LANGUAGE_STANDARD = "gnu++0x";
				CLANG_CXX_LIBRARY = "libc++";
				CLANG_ENABLE_MODULES = YES;
				CLANG_ENABLE_OBJC_ARC = YES;
				CLANG_WARN_BLOCK_CAPTURE_AUTORELEASING = YES;
				CLANG_WARN_BOOL_CONVERSION = YES;
				CLANG_WARN_COMMA = YES;
				CLANG_WARN_CONSTANT_CONVERSION = YES;
				CLANG_WARN_DEPRECATED_OBJC_IMPLEMENTATIONS = YES;
				CLANG_WARN_DIRECT_OBJC_ISA_USAGE = YES_ERROR;
				CLANG_WARN_EMPTY_BODY = YES;
				CLANG_WARN_ENUM_CONVERSION = YES;
				CLANG_WARN_INFINITE_RECURSION = YES;
				CLANG_WARN_INT_CONVERSION = YES;
				CLANG_WARN_NON_LITERAL_NULL_CONVERSION = YES;
				CLANG_WARN_OBJC_IMPLICIT_RETAIN_SELF = YES;
				CLANG_WARN_OBJC_LITERAL_CONVERSION = YES;
				CLANG_WARN_OBJC_ROOT_CLASS = YES_ERROR;
				CLANG_WARN_RANGE_LOOP_ANALYSIS = YES;
				CLANG_WARN_STRICT_PROTOTYPES = YES;
				CLANG_WARN_SUSPICIOUS_MOVE = YES;
				CLANG_WARN_UNREACHABLE_CODE = YES;
				CLANG_WARN__DUPLICATE_METHOD_MATCH = YES;
				"CODE_SIGN_IDENTITY[sdk=iphoneos*]" = "iPhone Developer";
				COPY_PHASE_STRIP = NO;
				DEBUG_INFORMATION_FORMAT = "dwarf-with-dsym";
				ENABLE_NS_ASSERTIONS = NO;
				ENABLE_STRICT_OBJC_MSGSEND = YES;
				GCC_C_LANGUAGE_STANDARD = gnu99;
				GCC_NO_COMMON_BLOCKS = YES;
				GCC_WARN_64_TO_32_BIT_CONVERSION = YES;
				GCC_WARN_ABOUT_RETURN_TYPE = YES_ERROR;
				GCC_WARN_UNDECLARED_SELECTOR = YES;
				GCC_WARN_UNINITIALIZED_AUTOS = YES_AGGRESSIVE;
				GCC_WARN_UNUSED_FUNCTION = YES;
				GCC_WARN_UNUSED_VARIABLE = YES;
				IPHONEOS_DEPLOYMENT_TARGET = 9.0;
				MTL_ENABLE_DEBUG_INFO = NO;
				SDKROOT = iphoneos;
				SWIFT_COMPILATION_MODE = wholemodule;
				SWIFT_VERSION = 3.0;
				TARGETED_DEVICE_FAMILY = "1,2";
				VALIDATE_PRODUCT = YES;
			};
			name = Release;
		};
		D0CBF4EB1B789D45005E98CA /* Debug */ = {
			isa = XCBuildConfiguration;
			buildSettings = {
				ASSETCATALOG_COMPILER_APPICON_NAME = AppIcon;
				INFOPLIST_FILE = SWCombox/Info.plist;
				LD_RUNPATH_SEARCH_PATHS = "$(inherited) @executable_path/Frameworks";
				PRODUCT_BUNDLE_IDENTIFIER = "sw.$(PRODUCT_NAME:rfc1034identifier)";
				PRODUCT_NAME = "$(TARGET_NAME)";
				SWIFT_VERSION = 4.0;
			};
			name = Debug;
		};
		D0CBF4EC1B789D45005E98CA /* Release */ = {
			isa = XCBuildConfiguration;
			buildSettings = {
				ASSETCATALOG_COMPILER_APPICON_NAME = AppIcon;
				INFOPLIST_FILE = SWCombox/Info.plist;
				LD_RUNPATH_SEARCH_PATHS = "$(inherited) @executable_path/Frameworks";
				PRODUCT_BUNDLE_IDENTIFIER = "sw.$(PRODUCT_NAME:rfc1034identifier)";
				PRODUCT_NAME = "$(TARGET_NAME)";
				SWIFT_VERSION = 4.0;
			};
			name = Release;
		};
/* End XCBuildConfiguration section */

/* Begin XCConfigurationList section */
		D0CBF4C31B789D44005E98CA /* Build configuration list for PBXProject "SWCombox" */ = {
			isa = XCConfigurationList;
			buildConfigurations = (
				D0CBF4E81B789D45005E98CA /* Debug */,
				D0CBF4E91B789D45005E98CA /* Release */,
			);
			defaultConfigurationIsVisible = 0;
			defaultConfigurationName = Release;
		};
		D0CBF4EA1B789D45005E98CA /* Build configuration list for PBXNativeTarget "SWCombox" */ = {
			isa = XCConfigurationList;
			buildConfigurations = (
				D0CBF4EB1B789D45005E98CA /* Debug */,
				D0CBF4EC1B789D45005E98CA /* Release */,
			);
			defaultConfigurationIsVisible = 0;
			defaultConfigurationName = Release;
		};
/* End XCConfigurationList section */
	};
	rootObject = D0CBF4C01B789D44005E98CA /* Project object */;
}
